
Microsoft Visual Studio Solution File, Format Version 12.00
# Visual Studio Version 17
VisualStudioVersion = 17.11.35222.181
MinimumVisualStudioVersion = 10.0.40219.1
Project("{9A19103F-16F7-4668-BE54-9A1E7A4F7556}") = "Task2", "Task2\Task2.csproj", "{E617F432-E4C9-4204-B1AF-04B3A87EC0AA}"
EndProject
Project("{9A19103F-16F7-4668-BE54-9A1E7A4F7556}") = "Task3", "Task3\Task3.csproj", "{3ED625B5-F5C6-4023-8AB1-0F3112AF9444}"
EndProject
Project("{9A19103F-16F7-4668-BE54-9A1E7A4F7556}") = "Task4", "Task4\Task4.csproj", "{205CF363-3921-4B15-B95B-1BA0027ABF94}"
EndProject
Project("{9A19103F-16F7-4668-BE54-9A1E7A4F7556}") = "Task5", "Task5\Task5.csproj", "{27582D28-0E1A-4393-8A7C-DB317EBB918B}"
EndProject
Project("{9A19103F-16F7-4668-BE54-9A1E7A4F7556}") = "Practical1Test", "Practical1Test\Practical1Test.csproj", "{3CFE4793-821A-42CF-8458-11322A50D993}"
EndProject
Project("{FAE04EC0-301F-11D3-BF4B-00C04F79EFBC}") = "Task1", "Task1\Task1.csproj", "{56E1EB9C-E688-4163-9769-72EB29194AFD}"
EndProject
Global
	GlobalSection(SolutionConfigurationPlatforms) = preSolution
		Debug|Any CPU = Debug|Any CPU
		Release|Any CPU = Release|Any CPU
	EndGlobalSection
	GlobalSection(ProjectConfigurationPlatforms) = postSolution
		{E617F432-E4C9-4204-B1AF-04B3A87EC0AA}.Debug|Any CPU.ActiveCfg = Debug|Any CPU
		{E617F432-E4C9-4204-B1AF-04B3A87EC0AA}.Debug|Any CPU.Build.0 = Debug|Any CPU
		{E617F432-E4C9-4204-B1AF-04B3A87EC0AA}.Release|Any CPU.ActiveCfg = Release|Any CPU
		{E617F432-E4C9-4204-B1AF-04B3A87EC0AA}.Release|Any CPU.Build.0 = Release|Any CPU
		{3ED625B5-F5C6-4023-8AB1-0F3112AF9444}.Debug|Any CPU.ActiveCfg = Debug|Any CPU
		{3ED625B5-F5C6-4023-8AB1-0F3112AF9444}.Debug|Any CPU.Build.0 = Debug|Any CPU
		{3ED625B5-F5C6-4023-8AB1-0F3112AF9444}.Release|Any CPU.ActiveCfg = Release|Any CPU
		{3ED625B5-F5C6-4023-8AB1-0F3112AF9444}.Release|Any CPU.Build.0 = Release|Any CPU
		{205CF363-3921-4B15-B95B-1BA0027ABF94}.Debug|Any CPU.ActiveCfg = Debug|Any CPU
		{205CF363-3921-4B15-B95B-1BA0027ABF94}.Debug|Any CPU.Build.0 = Debug|Any CPU
		{205CF363-3921-4B15-B95B-1BA0027ABF94}.Release|Any CPU.ActiveCfg = Release|Any CPU
		{205CF363-3921-4B15-B95B-1BA0027ABF94}.Release|Any CPU.Build.0 = Release|Any CPU
		{27582D28-0E1A-4393-8A7C-DB317EBB918B}.Debug|Any CPU.ActiveCfg = Debug|Any CPU
		{27582D28-0E1A-4393-8A7C-DB317EBB918B}.Debug|Any CPU.Build.0 = Debug|Any CPU
		{27582D28-0E1A-4393-8A7C-DB317EBB918B}.Release|Any CPU.ActiveCfg = Release|Any CPU
		{27582D28-0E1A-4393-8A7C-DB317EBB918B}.Release|Any CPU.Build.0 = Release|Any CPU
		{3CFE4793-821A-42CF-8458-11322A50D993}.Debug|Any CPU.ActiveCfg = Debug|Any CPU
		{3CFE4793-821A-42CF-8458-11322A50D993}.Debug|Any CPU.Build.0 = Debug|Any CPU
		{3CFE4793-821A-42CF-8458-11322A50D993}.Release|Any CPU.ActiveCfg = Release|Any CPU
		{3CFE4793-821A-42CF-8458-11322A50D993}.Release|Any CPU.Build.0 = Release|Any CPU
		{56E1EB9C-E688-4163-9769-72EB29194AFD}.Debug|Any CPU.ActiveCfg = Debug|Any CPU
		{56E1EB9C-E688-4163-9769-72EB29194AFD}.Debug|Any CPU.Build.0 = Debug|Any CPU
		{56E1EB9C-E688-4163-9769-72EB29194AFD}.Release|Any CPU.ActiveCfg = Release|Any CPU
		{56E1EB9C-E688-4163-9769-72EB29194AFD}.Release|Any CPU.Build.0 = Release|Any CPU
	EndGlobalSection
	GlobalSection(SolutionProperties) = preSolution
		HideSolutionNode = FALSE
	EndGlobalSection
	GlobalSection(ExtensibilityGlobals) = postSolution
		SolutionGuid = {3F149A2E-B667-41D5-924C-8C6E0BD5C732}
	EndGlobalSection
EndGlobal
